github.com/PauloJunior5/greetings v0.0.0-20240316193541-6dbea9729788 h1:o8OBqm8FkU6nPHY0QnETYCZ1SO8eSrbtbVciEB+eIJM=
github.com/PauloJunior5/greetings v0.0.0-20240316193541-6dbea9729788/go.mod h1:2hvx5KmjJZesJzdi+NIT20FHvipUK794i3E+HE2ajD4=
github.com/PauloJunior5/greetings v1.0.1 h1:+3mXpXFxfphA1wAM7HjYwAW7Pql3+iN9YyMT4yl94C4=
github.com/PauloJunior5/greetings v1.0.1/go.mod h1:2hvx5KmjJZesJzdi+NIT20FHvipUK794i3E+HE2ajD4=
